Microsoft Visual Studio Solution File, Format Version 12.00
# Visual Studio Version 17
VisualStudioVersion = 17.14.36414.22 d17.14
MinimumVisualStudioVersion = 10.0.40219.1
Project("{FAE04EC0-301F-11D3-BF4B-00C04F79EFBC}") = "QrOracleConnector.Core", "QrOracleConnector.Core\QrOracleConnector.Core.csproj", "{E1E5DE73-C203-4FA6-A320-30FEB3E360A4}"
EndProject
Project("{FAE04EC0-301F-11D3-BF4B-00C04F79EFBC}") = "OracleConnector.WinFormsApp", "OracleConnector.WinFormsApp\OracleConnector.WinFormsApp.csproj", "{918D81D6-2657-4A4D-966D-E4BF9023E729}"
EndProject
Global
	GlobalSection(SolutionConfigurationPlatforms) = preSolution
		Debug|Any CPU = Debug|Any CPU
		Release|Any CPU = Release|Any CPU
	EndGlobalSection
	GlobalSection(ProjectConfigurationPlatforms) = postSolution
		{E1E5DE73-C203-4FA6-A320-30FEB3E360A4}.Debug|Any CPU.ActiveCfg = Debug|Any CPU
		{E1E5DE73-C203-4FA6-A320-30FEB3E360A4}.Debug|Any CPU.Build.0 = Debug|Any CPU
		{E1E5DE73-C203-4FA6-A320-30FEB3E360A4}.Release|Any CPU.ActiveCfg = Release|Any CPU
		{E1E5DE73-C203-4FA6-A320-30FEB3E360A4}.Release|Any CPU.Build.0 = Release|Any CPU
		{918D81D6-2657-4A4D-966D-E4BF9023E729}.Debug|Any CPU.ActiveCfg = Debug|Any CPU
		{918D81D6-2657-4A4D-966D-E4BF9023E729}.Debug|Any CPU.Build.0 = Debug|Any CPU
		{918D81D6-2657-4A4D-966D-E4BF9023E729}.Release|Any CPU.ActiveCfg = Release|Any CPU
		{918D81D6-2657-4A4D-966D-E4BF9023E729}.Release|Any CPU.Build.0 = Release|Any CPU
	EndGlobalSection
	GlobalSection(SolutionProperties) = preSolution
		HideSolutionNode = FALSE
	EndGlobalSection
EndGlobal
